Microsoft Visual Studio Solution File, Format Version 12.00
# Visual Studio Version 16
VisualStudioVersion = 16.0.0.0
MinimumVisualStudioVersion = 16.0.0.0
Project("{9A19103F-16F7-4668-BE54-9A1E7A4F7556}") = "Stop.Server", "Server\Stop.Server.csproj", "{A24AEAD2-12C2-4818-838D-096CF3260DBC}"
EndProject
Project("{9A19103F-16F7-4668-BE54-9A1E7A4F7556}") = "Stop.Client", "Client\Stop.Client.csproj", "{423D5B65-597E-44C3-A215-91BE39304D20}"
EndProject
Project("{9A19103F-16F7-4668-BE54-9A1E7A4F7556}") = "Stop.Shared", "Shared\Stop.Shared.csproj", "{62C7AB35-39D8-44F1-825B-504EA766442B}"
EndProject
Global
	GlobalSection(SolutionConfigurationPlatforms) = preSolution
		Debug|Any CPU = Debug|Any CPU
		Debug|x64 = Debug|x64
		Debug|x86 = Debug|x86
		Release|Any CPU = Release|Any CPU
		Release|x64 = Release|x64
		Release|x86 = Release|x86
	EndGlobalSection
	GlobalSection(ProjectConfigurationPlatforms) = postSolution
		{423D5B65-597E-44C3-A215-91BE39304D20}.Debug|Any CPU.ActiveCfg = Debug|Any CPU
		{423D5B65-597E-44C3-A215-91BE39304D20}.Debug|Any CPU.Build.0 = Debug|Any CPU
		{423D5B65-597E-44C3-A215-91BE39304D20}.Debug|x64.ActiveCfg = Debug|Any CPU
		{423D5B65-597E-44C3-A215-91BE39304D20}.Debug|x64.Build.0 = Debug|Any CPU
		{423D5B65-597E-44C3-A215-91BE39304D20}.Debug|x86.ActiveCfg = Debug|Any CPU
		{423D5B65-597E-44C3-A215-91BE39304D20}.Debug|x86.Build.0 = Debug|Any CPU
		{423D5B65-597E-44C3-A215-91BE39304D20}.Release|Any CPU.ActiveCfg = Release|Any CPU
		{423D5B65-597E-44C3-A215-91BE39304D20}.Release|Any CPU.Build.0 = Release|Any CPU
		{423D5B65-597E-44C3-A215-91BE39304D20}.Release|x64.ActiveCfg = Release|Any CPU
		{423D5B65-597E-44C3-A215-91BE39304D20}.Release|x64.Build.0 = Release|Any CPU
		{423D5B65-597E-44C3-A215-91BE39304D20}.Release|x86.ActiveCfg = Release|Any CPU
		{423D5B65-597E-44C3-A215-91BE39304D20}.Release|x86.Build.0 = Release|Any CPU
		{A24AEAD2-12C2-4818-838D-096CF3260DBC}.Debug|Any CPU.ActiveCfg = Debug|Any CPU
		{A24AEAD2-12C2-4818-838D-096CF3260DBC}.Debug|Any CPU.Build.0 = Debug|Any CPU
		{A24AEAD2-12C2-4818-838D-096CF3260DBC}.Debug|x64.ActiveCfg = Debug|Any CPU
		{A24AEAD2-12C2-4818-838D-096CF3260DBC}.Debug|x64.Build.0 = Debug|Any CPU
		{A24AEAD2-12C2-4818-838D-096CF3260DBC}.Debug|x86.ActiveCfg = Debug|Any CPU
		{A24AEAD2-12C2-4818-838D-096CF3260DBC}.Debug|x86.Build.0 = Debug|Any CPU
		{A24AEAD2-12C2-4818-838D-096CF3260DBC}.Release|Any CPU.ActiveCfg = Release|Any CPU
		{A24AEAD2-12C2-4818-838D-096CF3260DBC}.Release|Any CPU.Build.0 = Release|Any CPU
		{A24AEAD2-12C2-4818-838D-096CF3260DBC}.Release|x64.ActiveCfg = Release|Any CPU
		{A24AEAD2-12C2-4818-838D-096CF3260DBC}.Release|x64.Build.0 = Release|Any CPU
		{A24AEAD2-12C2-4818-838D-096CF3260DBC}.Release|x86.ActiveCfg = Release|Any CPU
		{A24AEAD2-12C2-4818-838D-096CF3260DBC}.Release|x86.Build.0 = Release|Any CPU
		{62C7AB35-39D8-44F1-825B-504EA766442B}.Debug|Any CPU.ActiveCfg = Debug|Any CPU
		{62C7AB35-39D8-44F1-825B-504EA766442B}.Debug|Any CPU.Build.0 = Debug|Any CPU
		{62C7AB35-39D8-44F1-825B-504EA766442B}.Debug|x64.ActiveCfg = Debug|Any CPU
		{62C7AB35-39D8-44F1-825B-504EA766442B}.Debug|x64.Build.0 = Debug|Any CPU
		{62C7AB35-39D8-44F1-825B-504EA766442B}.Debug|x86.ActiveCfg = Debug|Any CPU
		{62C7AB35-39D8-44F1-825B-504EA766442B}.Debug|x86.Build.0 = Debug|Any CPU
		{62C7AB35-39D8-44F1-825B-504EA766442B}.Release|Any CPU.ActiveCfg = Release|Any CPU
		{62C7AB35-39D8-44F1-825B-504EA766442B}.Release|Any CPU.Build.0 = Release|Any CPU
		{62C7AB35-39D8-44F1-825B-504EA766442B}.Release|x64.ActiveCfg = Release|Any CPU
		{62C7AB35-39D8-44F1-825B-504EA766442B}.Release|x64.Build.0 = Release|Any CPU
		{62C7AB35-39D8-44F1-825B-504EA766442B}.Release|x86.ActiveCfg = Release|Any CPU
		{62C7AB35-39D8-44F1-825B-504EA766442B}.Release|x86.Build.0 = Release|Any CPU
	EndGlobalSection
	GlobalSection(SolutionProperties) = preSolution
		HideSolutionNode = FALSE
	EndGlobalSection
	GlobalSection(ExtensibilityGlobals) = postSolution
		SolutionGuid = {68ED90F4-EE67-4850-B252-4437654C13D5}
	EndGlobalSection
EndGlobal